
Microsoft Visual Studio Solution File, Format Version 12.00
# Visual Studio Version 17
VisualStudioVersion = 17.14.36429.23 d17.14
MinimumVisualStudioVersion = 10.0.40219.1
Project("{FAE04EC0-301F-11D3-BF4B-00C04F79EFBC}") = "ZooApp", "ZooApp\ZooApp.csproj", "{FFB5CC0A-7B5F-43AC-9DAE-578DC8CA2E8C}"
EndProject
Global
	GlobalSection(SolutionConfigurationPlatforms) = preSolution
		Debug|Any CPU = Debug|Any CPU
		Release|Any CPU = Release|Any CPU
	EndGlobalSection
	GlobalSection(ProjectConfigurationPlatforms) = postSolution
		{FFB5CC0A-7B5F-43AC-9DAE-578DC8CA2E8C}.Debug|Any CPU.ActiveCfg = Debug|Any CPU
		{FFB5CC0A-7B5F-43AC-9DAE-578DC8CA2E8C}.Debug|Any CPU.Build.0 = Debug|Any CPU
		{FFB5CC0A-7B5F-43AC-9DAE-578DC8CA2E8C}.Release|Any CPU.ActiveCfg = Release|Any CPU
		{FFB5CC0A-7B5F-43AC-9DAE-578DC8CA2E8C}.Release|Any CPU.Build.0 = Release|Any CPU
	EndGlobalSection
	GlobalSection(SolutionProperties) = preSolution
		HideSolutionNode = FALSE
	EndGlobalSection
	GlobalSection(ExtensibilityGlobals) = postSolution
		SolutionGuid = {5DA57E1F-F33D-4618-A7B5-90B885849FCC}
	EndGlobalSection
EndGlobal
